# This file is autogenerated, do not edit; changes may be undone by the next 'dep ensure'.


[[projects]]
  name = "github.com/gorilla/context"
  packages = ["."]
  revision = "1ea25387ff6f684839d82767c1733ff4d4d15d0a"
  version = "v1.1"

[[projects]]
  name = "github.com/gorilla/mux"
  packages = ["."]
  revision = "bcd8bc72b08df0f70df986b97f95590779502d31"
  version = "v1.4.0"

[[projects]]
  name = "github.com/gorilla/websocket"
  packages = ["."]
  revision = "3ab3a8b8831546bd18fd182c20687ca853b2bb13"
  version = "v1.1.0"

[[projects]]
  branch = "master"
  name = "github.com/wirepair/gcd"
  packages = [".","gcdapi","gcdmessage"]
  revision = "cf788037816a243e1b6aa59657a9bc5d221bc1e4"

[[projects]]
  branch = "master"
  name = "golang.org/x/net"
  packages = ["websocket"]
  revision = "3da985ce5951d99de868be4385f21ea6c2b22f24"

[solve-meta]
  analyzer-name = "dep"
  analyzer-version = 1
  inputs-digest = "7233f058f2fcda19b9441350df85fe9075c89c532333ad2978745e9b2a9273ac"
  solver-name = "gps-cdcl"
  solver-version = 1
